// !$*UTF8*$!
{
	archiveVersion = 1;
	classes = {
	};
	objectVersion = 50;
	objects = {

/* Begin PBXBuildFile section */
		4EF2DA1225CBF75D000DE861 /* ReduxApp.swift in Sources */ = {isa = PBXBuildFile; fileRef = 4EF2DA1125CBF75D000DE861 /* ReduxApp.swift */; };
		4EF2DA1425CBF75D000DE861 /* ContentView.swift in Sources */ = {isa = PBXBuildFile; fileRef = 4EF2DA1325CBF75D000DE861 /* ContentView.swift */; };
		4EF2DA1625CBF75E000DE861 /* Assets.xcassets in Resources */ = {isa = PBXBuildFile; fileRef = 4EF2DA1525CBF75E000DE861 /* Assets.xcassets */; };
		4EF2DA1925CBF75E000DE861 /* Preview Assets.xcassets in Resources */ = {isa = PBXBuildFile; fileRef = 4EF2DA1825CBF75E000DE861 /* Preview Assets.xcassets */; };
		4EF2DA2425CBF75E000DE861 /* ReduxAppTests.swift in Sources */ = {isa = PBXBuildFile; fileRef = 4EF2DA2325CBF75E000DE861 /* ReduxAppTests.swift */; };
		4EF2DA2F25CBF75E000DE861 /* ReduxAppUITests.swift in Sources */ = {isa = PBXBuildFile; fileRef = 4EF2DA2E25CBF75E000DE861 /* ReduxAppUITests.swift */; };
		4EF2DA4925CBF8E4000DE861 /* Action.swift in Sources */ = {isa = PBXBuildFile; fileRef = 4EF2DA4825CBF8E4000DE861 /* Action.swift */; };
		4EF2DA4E25CBF901000DE861 /* ActionDispatcher.swift in Sources */ = {isa = PBXBuildFile; fileRef = 4EF2DA4D25CBF901000DE861 /* ActionDispatcher.swift */; };
		4EF2DA5325CBF91C000DE861 /* Middleware.swift in Sources */ = {isa = PBXBuildFile; fileRef = 4EF2DA5225CBF91C000DE861 /* Middleware.swift */; };
		4EF2DA5825CBF936000DE861 /* State.swift in Sources */ = {isa = PBXBuildFile; fileRef = 4EF2DA5725CBF936000DE861 /* State.swift */; };
		4EF2DA5D25CBF953000DE861 /* Reducer.swift in Sources */ = {isa = PBXBuildFile; fileRef = 4EF2DA5C25CBF953000DE861 /* Reducer.swift */; };
		4EF2DA6225CBF966000DE861 /* Store.swift in Sources */ = {isa = PBXBuildFile; fileRef = 4EF2DA6125CBF966000DE861 /* Store.swift */; };
		4EF2DA6725CBF9BE000DE861 /* AppStore.swift in Sources */ = {isa = PBXBuildFile; fileRef = 4EF2DA6625CBF9BE000DE861 /* AppStore.swift */; };
/* End PBXBuildFile section */

/* Begin PBXContainerItemProxy section */
		4EF2DA2025CBF75E000DE861 /* PBXContainerItemProxy */ = {
			isa = PBXContainerItemProxy;
			containerPortal = 4EF2DA0625CBF75D000DE861 /* Project object */;
			proxyType = 1;
			remoteGlobalIDString = 4EF2DA0D25CBF75D000DE861;
			remoteInfo = ReduxApp;
		};
		4EF2DA2B25CBF75E000DE861 /* PBXContainerItemProxy */ = {
			isa = PBXContainerItemProxy;
			containerPortal = 4EF2DA0625CBF75D000DE861 /* Project object */;
			proxyType = 1;
			remoteGlobalIDString = 4EF2DA0D25CBF75D000DE861;
			remoteInfo = ReduxApp;
		};
/* End PBXContainerItemProxy section */

/* Begin PBXFileReference section */
		4EF2DA0E25CBF75D000DE861 /* ReduxApp.app */ = {isa = PBXFileReference; explicitFileType = wrapper.application; includeInIndex = 0; path = ReduxApp.app; sourceTree = BUILT_PRODUCTS_DIR; };
		4EF2DA1125CBF75D000DE861 /* ReduxApp.swift */ = {isa = PBXFileReference; lastKnownFileType = sourcecode.swift; path = ReduxApp.swift; sourceTree = "<group>"; };
		4EF2DA1325CBF75D000DE861 /* ContentView.swift */ = {isa = PBXFileReference; lastKnownFileType = sourcecode.swift; path = ContentView.swift; sourceTree = "<group>"; };
		4EF2DA1525CBF75E000DE861 /* Assets.xcassets */ = {isa = PBXFileReference; lastKnownFileType = folder.assetcatalog; path = Assets.xcassets; sourceTree = "<group>"; };
		4EF2DA1825CBF75E000DE861 /* Preview Assets.xcassets */ = {isa = PBXFileReference; lastKnownFileType = folder.assetcatalog; path = "Preview Assets.xcassets"; sourceTree = "<group>"; };
		4EF2DA1A25CBF75E000DE861 /* Info.plist */ = {isa = PBXFileReference; lastKnownFileType = text.plist.xml; path = Info.plist; sourceTree = "<group>"; };
		4EF2DA1F25CBF75E000DE861 /* ReduxAppTests.xctest */ = {isa = PBXFileReference; explicitFileType = wrapper.cfbundle; includeInIndex = 0; path = ReduxAppTests.xctest; sourceTree = BUILT_PRODUCTS_DIR; };
		4EF2DA2325CBF75E000DE861 /* ReduxAppTests.swift */ = {isa = PBXFileReference; lastKnownFileType = sourcecode.swift; path = ReduxAppTests.swift; sourceTree = "<group>"; };
		4EF2DA2525CBF75E000DE861 /* Info.plist */ = {isa = PBXFileReference; lastKnownFileType = text.plist.xml; path = Info.plist; sourceTree = "<group>"; };
		4EF2DA2A25CBF75E000DE861 /* ReduxAppUITests.xctest */ = {isa = PBXFileReference; explicitFileType = wrapper.cfbundle; includeInIndex = 0; path = ReduxAppUITests.xctest; sourceTree = BUILT_PRODUCTS_DIR; };
		4EF2DA2E25CBF75E000DE861 /* ReduxAppUITests.swift */ = {isa = PBXFileReference; lastKnownFileType = sourcecode.swift; path = ReduxAppUITests.swift; sourceTree = "<group>"; };
		4EF2DA3025CBF75E000DE861 /* Info.plist */ = {isa = PBXFileReference; lastKnownFileType = text.plist.xml; path = Info.plist; sourceTree = "<group>"; };
		4EF2DA4825CBF8E4000DE861 /* Action.swift */ = {isa = PBXFileReference; lastKnownFileType = sourcecode.swift; path = Action.swift; sourceTree = "<group>"; };
		4EF2DA4D25CBF901000DE861 /* ActionDispatcher.swift */ = {isa = PBXFileReference; lastKnownFileType = sourcecode.swift; path = ActionDispatcher.swift; sourceTree = "<group>"; };
		4EF2DA5225CBF91C000DE861 /* Middleware.swift */ = {isa = PBXFileReference; lastKnownFileType = sourcecode.swift; path = Middleware.swift; sourceTree = "<group>"; };
		4EF2DA5725CBF936000DE861 /* State.swift */ = {isa = PBXFileReference; lastKnownFileType = sourcecode.swift; path = State.swift; sourceTree = "<group>"; };
		4EF2DA5C25CBF953000DE861 /* Reducer.swift */ = {isa = PBXFileReference; lastKnownFileType = sourcecode.swift; path = Reducer.swift; sourceTree = "<group>"; };
		4EF2DA6125CBF966000DE861 /* Store.swift */ = {isa = PBXFileReference; lastKnownFileType = sourcecode.swift; path = Store.swift; sourceTree = "<group>"; };
		4EF2DA6625CBF9BE000DE861 /* AppStore.swift */ = {isa = PBXFileReference; lastKnownFileType = sourcecode.swift; path = AppStore.swift; sourceTree = "<group>"; };
/* End PBXFileReference section */

/* Begin PBXFrameworksBuildPhase section */
		4EF2DA0B25CBF75D000DE861 /* Frameworks */ = {
			isa = PBXFrameworksBuildPhase;
			buildActionMask = 2147483647;
			files = (
			);
			runOnlyForDeploymentPostprocessing = 0;
		};
		4EF2DA1C25CBF75E000DE861 /* Frameworks */ = {
			isa = PBXFrameworksBuildPhase;
			buildActionMask = 2147483647;
			files = (
			);
			runOnlyForDeploymentPostprocessing = 0;
		};
		4EF2DA2725CBF75E000DE861 /* Frameworks */ = {
			isa = PBXFrameworksBuildPhase;
			buildActionMask = 2147483647;
			files = (
			);
			runOnlyForDeploymentPostprocessing = 0;
		};
/* End PBXFrameworksBuildPhase section */

/* Begin PBXGroup section */
		4EF2DA0525CBF75D000DE861 = {
			isa = PBXGroup;
			children = (
				4EF2DA4225CBF7D9000DE861 /* Redux */,
				4EF2DA1025CBF75D000DE861 /* ReduxApp */,
				4EF2DA2225CBF75E000DE861 /* ReduxAppTests */,
				4EF2DA2D25CBF75E000DE861 /* ReduxAppUITests */,
				4EF2DA0F25CBF75D000DE861 /* Products */,
			);
			sourceTree = "<group>";
		};
		4EF2DA0F25CBF75D000DE861 /* Products */ = {
			isa = PBXGroup;
			children = (
				4EF2DA0E25CBF75D000DE861 /* ReduxApp.app */,
				4EF2DA1F25CBF75E000DE861 /* ReduxAppTests.xctest */,
				4EF2DA2A25CBF75E000DE861 /* ReduxAppUITests.xctest */,
			);
			name = Products;
			sourceTree = "<group>";
		};
		4EF2DA1025CBF75D000DE861 /* ReduxApp */ = {
			isa = PBXGroup;
			children = (
				4EF2DA6625CBF9BE000DE861 /* AppStore.swift */,
				4EF2DA1125CBF75D000DE861 /* ReduxApp.swift */,
				4EF2DA1325CBF75D000DE861 /* ContentView.swift */,
				4EF2DA1525CBF75E000DE861 /* Assets.xcassets */,
				4EF2DA1A25CBF75E000DE861 /* Info.plist */,
				4EF2DA1725CBF75E000DE861 /* Preview Content */,
			);
			path = ReduxApp;
			sourceTree = "<group>";
		};
		4EF2DA1725CBF75E000DE861 /* Preview Content */ = {
			isa = PBXGroup;
			children = (
				4EF2DA1825CBF75E000DE861 /* Preview Assets.xcassets */,
			);
			path = "Preview Content";
			sourceTree = "<group>";
		};
		4EF2DA2225CBF75E000DE861 /* ReduxAppTests */ = {
			isa = PBXGroup;
			children = (
				4EF2DA2325CBF75E000DE861 /* ReduxAppTests.swift */,
				4EF2DA2525CBF75E000DE861 /* Info.plist */,
			);
			path = ReduxAppTests;
			sourceTree = "<group>";
		};
		4EF2DA2D25CBF75E000DE861 /* ReduxAppUITests */ = {
			isa = PBXGroup;
			children = (
				4EF2DA2E25CBF75E000DE861 /* ReduxAppUITests.swift */,
				4EF2DA3025CBF75E000DE861 /* Info.plist */,
			);
			path = ReduxAppUITests;
			sourceTree = "<group>";
		};
		4EF2DA4225CBF7D9000DE861 /* Redux */ = {
			isa = PBXGroup;
			children = (
				4EF2DA4825CBF8E4000DE861 /* Action.swift */,
				4EF2DA4D25CBF901000DE861 /* ActionDispatcher.swift */,
				4EF2DA5225CBF91C000DE861 /* Middleware.swift */,
				4EF2DA5725CBF936000DE861 /* State.swift */,
				4EF2DA5C25CBF953000DE861 /* Reducer.swift */,
				4EF2DA6125CBF966000DE861 /* Store.swift */,
			);
			path = Redux;
			sourceTree = "<group>";
		};
/* End PBXGroup section */

/* Begin PBXNativeTarget section */
		4EF2DA0D25CBF75D000DE861 /* ReduxApp */ = {
			isa = PBXNativeTarget;
			buildConfigurationList = 4EF2DA3325CBF75E000DE861 /* Build configuration list for PBXNativeTarget "ReduxApp" */;
			buildPhases = (
				4EF2DA0A25CBF75D000DE861 /* Sources */,
				4EF2DA0B25CBF75D000DE861 /* Frameworks */,
				4EF2DA0C25CBF75D000DE861 /* Resources */,
			);
			buildRules = (
			);
			dependencies = (
			);
			name = ReduxApp;
			productName = ReduxApp;
			productReference = 4EF2DA0E25CBF75D000DE861 /* ReduxApp.app */;
			productType = "com.apple.product-type.application";
		};
		4EF2DA1E25CBF75E000DE861 /* ReduxAppTests */ = {
			isa = PBXNativeTarget;
			buildConfigurationList = 4EF2DA3625CBF75E000DE861 /* Build configuration list for PBXNativeTarget "ReduxAppTests" */;
			buildPhases = (
				4EF2DA1B25CBF75E000DE861 /* Sources */,
				4EF2DA1C25CBF75E000DE861 /* Frameworks */,
				4EF2DA1D25CBF75E000DE861 /* Resources */,
			);
			buildRules = (
			);
			dependencies = (
				4EF2DA2125CBF75E000DE861 /* PBXTargetDependency */,
			);
			name = ReduxAppTests;
			productName = ReduxAppTests;
			productReference = 4EF2DA1F25CBF75E000DE861 /* ReduxAppTests.xctest */;
			productType = "com.apple.product-type.bundle.unit-test";
		};
		4EF2DA2925CBF75E000DE861 /* ReduxAppUITests */ = {
			isa = PBXNativeTarget;
			buildConfigurationList = 4EF2DA3925CBF75E000DE861 /* Build configuration list for PBXNativeTarget "ReduxAppUITests" */;
			buildPhases = (
				4EF2DA2625CBF75E000DE861 /* Sources */,
				4EF2DA2725CBF75E000DE861 /* Frameworks */,
				4EF2DA2825CBF75E000DE861 /* Resources */,
			);
			buildRules = (
			);
			dependencies = (
				4EF2DA2C25CBF75E000DE861 /* PBXTargetDependency */,
			);
			name = ReduxAppUITests;
			productName = ReduxAppUITests;
			productReference = 4EF2DA2A25CBF75E000DE861 /* ReduxAppUITests.xctest */;
			productType = "com.apple.product-type.bundle.ui-testing";
		};
/* End PBXNativeTarget section */

/* Begin PBXProject section */
		4EF2DA0625CBF75D000DE861 /* Project object */ = {
			isa = PBXProject;
			attributes = {
				LastSwiftUpdateCheck = 1230;
				LastUpgradeCheck = 1230;
				TargetAttributes = {
					4EF2DA0D25CBF75D000DE861 = {
						CreatedOnToolsVersion = 12.3;
					};
					4EF2DA1E25CBF75E000DE861 = {
						CreatedOnToolsVersion = 12.3;
						TestTargetID = 4EF2DA0D25CBF75D000DE861;
					};
					4EF2DA2925CBF75E000DE861 = {
						CreatedOnToolsVersion = 12.3;
						TestTargetID = 4EF2DA0D25CBF75D000DE861;
					};
				};
			};
			buildConfigurationList = 4EF2DA0925CBF75D000DE861 /* Build configuration list for PBXProject "ReduxApp" */;
			compatibilityVersion = "Xcode 9.3";
			developmentRegion = en;
			hasScannedForEncodings = 0;
			knownRegions = (
				en,
				Base,
			);
			mainGroup = 4EF2DA0525CBF75D000DE861;
			productRefGroup = 4EF2DA0F25CBF75D000DE861 /* Products */;
			projectDirPath = "";
			projectRoot = "";
			targets = (
				4EF2DA0D25CBF75D000DE861 /* ReduxApp */,
				4EF2DA1E25CBF75E000DE861 /* ReduxAppTests */,
				4EF2DA2925CBF75E000DE861 /* ReduxAppUITests */,
			);
		};
/* End PBXProject section */

/* Begin PBXResourcesBuildPhase section */
		4EF2DA0C25CBF75D000DE861 /* Resources */ = {
			isa = PBXResourcesBuildPhase;
			buildActionMask = 2147483647;
			files = (
				4EF2DA1925CBF75E000DE861 /* Preview Assets.xcassets in Resources */,
				4EF2DA1625CBF75E000DE861 /* Assets.xcassets in Resources */,
			);
			runOnlyForDeploymentPostprocessing = 0;
		};
		4EF2DA1D25CBF75E000DE861 /* Resources */ = {
			isa = PBXResourcesBuildPhase;
			buildActionMask = 2147483647;
			files = (
			);
			runOnlyForDeploymentPostprocessing = 0;
		};
		4EF2DA2825CBF75E000DE861 /* Resources */ = {
			isa = PBXResourcesBuildPhase;
			buildActionMask = 2147483647;
			files = (
			);
			runOnlyForDeploymentPostprocessing = 0;
		};
/* End PBXResourcesBuildPhase section */

/* Begin PBXSourcesBuildPhase section */
		4EF2DA0A25CBF75D000DE861 /* Sources */ = {
			isa = PBXSourcesBuildPhase;
			buildActionMask = 2147483647;
			files = (
				4EF2DA5325CBF91C000DE861 /* Middleware.swift in Sources */,
				4EF2DA1425CBF75D000DE861 /* ContentView.swift in Sources */,
				4EF2DA4925CBF8E4000DE861 /* Action.swift in Sources */,
				4EF2DA6225CBF966000DE861 /* Store.swift in Sources */,
				4EF2DA4E25CBF901000DE861 /* ActionDispatcher.swift in Sources */,
				4EF2DA5D25CBF953000DE861 /* Reducer.swift in Sources */,
				4EF2DA6725CBF9BE000DE861 /* AppStore.swift in Sources */,
				4EF2DA1225CBF75D000DE861 /* ReduxApp.swift in Sources */,
				4EF2DA5825CBF936000DE861 /* State.swift in Sources */,
			);
			runOnlyForDeploymentPostprocessing = 0;
		};
		4EF2DA1B25CBF75E000DE861 /* Sources */ = {
			isa = PBXSourcesBuildPhase;
			buildActionMask = 2147483647;
			files = (
				4EF2DA2425CBF75E000DE861 /* ReduxAppTests.swift in Sources */,
			);
			runOnlyForDeploymentPostprocessing = 0;
		};
		4EF2DA2625CBF75E000DE861 /* Sources */ = {
			isa = PBXSourcesBuildPhase;
			buildActionMask = 2147483647;
			files = (
				4EF2DA2F25CBF75E000DE861 /* ReduxAppUITests.swift in Sources */,
			);
			runOnlyForDeploymentPostprocessing = 0;
		};
/* End PBXSourcesBuildPhase section */

/* Begin PBXTargetDependency section */
		4EF2DA2125CBF75E000DE861 /* PBXTargetDependency */ = {
			isa = PBXTargetDependency;
			target = 4EF2DA0D25CBF75D000DE861 /* ReduxApp */;
			targetProxy = 4EF2DA2025CBF75E000DE861 /* PBXContainerItemProxy */;
		};
		4EF2DA2C25CBF75E000DE861 /* PBXTargetDependency */ = {
			isa = PBXTargetDependency;
			target = 4EF2DA0D25CBF75D000DE861 /* ReduxApp */;
			targetProxy = 4EF2DA2B25CBF75E000DE861 /* PBXContainerItemProxy */;
		};
/* End PBXTargetDependency section */

/* Begin XCBuildConfiguration section */
		4EF2DA3125CBF75E000DE861 /* Debug */ = {
			isa = XCBuildConfiguration;
			buildSettings = {
				ALWAYS_SEARCH_USER_PATHS = NO;
				CLANG_ANALYZER_NONNULL = YES;
				CLANG_ANALYZER_NUMBER_OBJECT_CONVERSION = YES_AGGRESSIVE;
				CLANG_CXX_LANGUAGE_STANDARD = "gnu++14";
				CLANG_CXX_LIBRARY = "libc++";
				CLANG_ENABLE_MODULES = YES;
				CLANG_ENABLE_OBJC_ARC = YES;
				CLANG_ENABLE_OBJC_WEAK = YES;
				CLANG_WARN_BLOCK_CAPTURE_AUTORELEASING = YES;
				CLANG_WARN_BOOL_CONVERSION = YES;
				CLANG_WARN_COMMA = YES;
				CLANG_WARN_CONSTANT_CONVERSION = YES;
				CLANG_WARN_DEPRECATED_OBJC_IMPLEMENTATIONS = YES;
				CLANG_WARN_DIRECT_OBJC_ISA_USAGE = YES_ERROR;
				CLANG_WARN_DOCUMENTATION_COMMENTS = YES;
				CLANG_WARN_EMPTY_BODY = YES;
				CLANG_WARN_ENUM_CONVERSION = YES;
				CLANG_WARN_INFINITE_RECURSION = YES;
				CLANG_WARN_INT_CONVERSION = YES;
				CLANG_WARN_NON_LITERAL_NULL_CONVERSION = YES;
				CLANG_WARN_OBJC_IMPLICIT_RETAIN_SELF = YES;
				CLANG_WARN_OBJC_LITERAL_CONVERSION = YES;
				CLANG_WARN_OBJC_ROOT_CLASS = YES_ERROR;
				CLANG_WARN_QUOTED_INCLUDE_IN_FRAMEWORK_HEADER = YES;
				CLANG_WARN_RANGE_LOOP_ANALYSIS = YES;
				CLANG_WARN_STRICT_PROTOTYPES = YES;
				CLANG_WARN_SUSPICIOUS_MOVE = YES;
				CLANG_WARN_UNGUARDED_AVAILABILITY = YES_AGGRESSIVE;
				CLANG_WARN_UNREACHABLE_CODE = YES;
				CLANG_WARN__DUPLICATE_METHOD_MATCH = YES;
				COPY_PHASE_STRIP = NO;
				DEBUG_INFORMATION_FORMAT = dwarf;
				ENABLE_STRICT_OBJC_MSGSEND = YES;
				ENABLE_TESTABILITY = YES;
				GCC_C_LANGUAGE_STANDARD = gnu11;
				GCC_DYNAMIC_NO_PIC = NO;
				GCC_NO_COMMON_BLOCKS = YES;
				GCC_OPTIMIZATION_LEVEL = 0;
				GCC_PREPROCESSOR_DEFINITIONS = (
					"DEBUG=1",
					"$(inherited)",
				);
				GCC_WARN_64_TO_32_BIT_CONVERSION = YES;
				GCC_WARN_ABOUT_RETURN_TYPE = YES_ERROR;
				GCC_WARN_UNDECLARED_SELECTOR = YES;
				GCC_WARN_UNINITIALIZED_AUTOS = YES_AGGRESSIVE;
				GCC_WARN_UNUSED_FUNCTION = YES;
				GCC_WARN_UNUSED_VARIABLE = YES;
				IPHONEOS_DEPLOYMENT_TARGET = 14.3;
				MTL_ENABLE_DEBUG_INFO = INCLUDE_SOURCE;
				MTL_FAST_MATH = YES;
				ONLY_ACTIVE_ARCH = YES;
				SDKROOT = iphoneos;
				SWIFT_ACTIVE_COMPILATION_CONDITIONS = DEBUG;
				SWIFT_OPTIMIZATION_LEVEL = "-Onone";
			};
			name = Debug;
		};
		4EF2DA3225CBF75E000DE861 /* Release */ = {
			isa = XCBuildConfiguration;
			buildSettings = {
				ALWAYS_SEARCH_USER_PATHS = NO;
				CLANG_ANALYZER_NONNULL = YES;
				CLANG_ANALYZER_NUMBER_OBJECT_CONVERSION = YES_AGGRESSIVE;
				CLANG_CXX_LANGUAGE_STANDARD = "gnu++14";
				CLANG_CXX_LIBRARY = "libc++";
				CLANG_ENABLE_MODULES = YES;
				CLANG_ENABLE_OBJC_ARC = YES;
				CLANG_ENABLE_OBJC_WEAK = YES;
				CLANG_WARN_BLOCK_CAPTURE_AUTORELEASING = YES;
				CLANG_WARN_BOOL_CONVERSION = YES;
				CLANG_WARN_COMMA = YES;
				CLANG_WARN_CONSTANT_CONVERSION = YES;
				CLANG_WARN_DEPRECATED_OBJC_IMPLEMENTATIONS = YES;
				CLANG_WARN_DIRECT_OBJC_ISA_USAGE = YES_ERROR;
				CLANG_WARN_DOCUMENTATION_COMMENTS = YES;
				CLANG_WARN_EMPTY_BODY = YES;
				CLANG_WARN_ENUM_CONVERSION = YES;
				CLANG_WARN_INFINITE_RECURSION = YES;
				CLANG_WARN_INT_CONVERSION = YES;
				CLANG_WARN_NON_LITERAL_NULL_CONVERSION = YES;
				CLANG_WARN_OBJC_IMPLICIT_RETAIN_SELF = YES;
				CLANG_WARN_OBJC_LITERAL_CONVERSION = YES;
				CLANG_WARN_OBJC_ROOT_CLASS = YES_ERROR;
				CLANG_WARN_QUOTED_INCLUDE_IN_FRAMEWORK_HEADER = YES;
				CLANG_WARN_RANGE_LOOP_ANALYSIS = YES;
				CLANG_WARN_STRICT_PROTOTYPES = YES;
				CLANG_WARN_SUSPICIOUS_MOVE = YES;
				CLANG_WARN_UNGUARDED_AVAILABILITY = YES_AGGRESSIVE;
				CLANG_WARN_UNREACHABLE_CODE = YES;
				CLANG_WARN__DUPLICATE_METHOD_MATCH = YES;
				COPY_PHASE_STRIP = NO;
				DEBUG_INFORMATION_FORMAT = "dwarf-with-dsym";
				ENABLE_NS_ASSERTIONS = NO;
				ENABLE_STRICT_OBJC_MSGSEND = YES;
				GCC_C_LANGUAGE_STANDARD = gnu11;
				GCC_NO_COMMON_BLOCKS = YES;
				GCC_WARN_64_TO_32_BIT_CONVERSION = YES;
				GCC_WARN_ABOUT_RETURN_TYPE = YES_ERROR;
				GCC_WARN_UNDECLARED_SELECTOR = YES;
				GCC_WARN_UNINITIALIZED_AUTOS = YES_AGGRESSIVE;
				GCC_WARN_UNUSED_FUNCTION = YES;
				GCC_WARN_UNUSED_VARIABLE = YES;
				IPHONEOS_DEPLOYMENT_TARGET = 14.3;
				MTL_ENABLE_DEBUG_INFO = NO;
				MTL_FAST_MATH = YES;
				SDKROOT = iphoneos;
				SWIFT_COMPILATION_MODE = wholemodule;
				SWIFT_OPTIMIZATION_LEVEL = "-O";
				VALIDATE_PRODUCT = YES;
			};
			name = Release;
		};
		4EF2DA3425CBF75E000DE861 /* Debug */ = {
			isa = XCBuildConfiguration;
			buildSettings = {
				ASSETCATALOG_COMPILER_APPICON_NAME = AppIcon;
				ASSETCATALOG_COMPILER_GLOBAL_ACCENT_COLOR_NAME = AccentColor;
				CODE_SIGN_STYLE = Automatic;
				DEVELOPMENT_ASSET_PATHS = "\"ReduxApp/Preview Content\"";
				DEVELOPMENT_TEAM = F2YX27TG52;
				ENABLE_PREVIEWS = YES;
				INFOPLIST_FILE = ReduxApp/Info.plist;
				IPHONEOS_DEPLOYMENT_TARGET = 14.0;
				LD_RUNPATH_SEARCH_PATHS = (
					"$(inherited)",
					"@executable_path/Frameworks",
				);
				PRODUCT_BUNDLE_IDENTIFIER = com.github.skyfe79.ReduxApp;
				PRODUCT_NAME = "$(TARGET_NAME)";
				SWIFT_VERSION = 5.0;
				TARGETED_DEVICE_FAMILY = "1,2";
			};
			name = Debug;
		};
		4EF2DA3525CBF75E000DE861 /* Release */ = {
			isa = XCBuildConfiguration;
			buildSettings = {
				ASSETCATALOG_COMPILER_APPICON_NAME = AppIcon;
				ASSETCATALOG_COMPILER_GLOBAL_ACCENT_COLOR_NAME = AccentColor;
				CODE_SIGN_STYLE = Automatic;
				DEVELOPMENT_ASSET_PATHS = "\"ReduxApp/Preview Content\"";
				DEVELOPMENT_TEAM = F2YX27TG52;
				ENABLE_PREVIEWS = YES;
				INFOPLIST_FILE = ReduxApp/Info.plist;
				IPHONEOS_DEPLOYMENT_TARGET = 14.0;
				LD_RUNPATH_SEARCH_PATHS = (
					"$(inherited)",
					"@executable_path/Frameworks",
				);
				PRODUCT_BUNDLE_IDENTIFIER = com.github.skyfe79.ReduxApp;
				PRODUCT_NAME = "$(TARGET_NAME)";
				SWIFT_VERSION = 5.0;
				TARGETED_DEVICE_FAMILY = "1,2";
			};
			name = Release;
		};
		4EF2DA3725CBF75E000DE861 /* Debug */ = {
			isa = XCBuildConfiguration;
			buildSettings = {
				ALWAYS_EMBED_SWIFT_STANDARD_LIBRARIES = YES;
				BUNDLE_LOADER = "$(TEST_HOST)";
				CODE_SIGN_STYLE = Automatic;
				DEVELOPMENT_TEAM = F2YX27TG52;
				INFOPLIST_FILE = ReduxAppTests/Info.plist;
				IPHONEOS_DEPLOYMENT_TARGET = 14.0;
				LD_RUNPATH_SEARCH_PATHS = (
					"$(inherited)",
					"@executable_path/Frameworks",
					"@loader_path/Frameworks",
				);
				PRODUCT_BUNDLE_IDENTIFIER = com.github.skyfe79.ReduxAppTests;
				PRODUCT_NAME = "$(TARGET_NAME)";
				SWIFT_VERSION = 5.0;
				TARGETED_DEVICE_FAMILY = "1,2";
				TEST_HOST = "$(BUILT_PRODUCTS_DIR)/ReduxApp.app/ReduxApp";
			};
			name = Debug;
		};
		4EF2DA3825CBF75E000DE861 /* Release */ = {
			isa = XCBuildConfiguration;
			buildSettings = {
				ALWAYS_EMBED_SWIFT_STANDARD_LIBRARIES = YES;
				BUNDLE_LOADER = "$(TEST_HOST)";
				CODE_SIGN_STYLE = Automatic;
				DEVELOPMENT_TEAM = F2YX27TG52;
				INFOPLIST_FILE = ReduxAppTests/Info.plist;
				IPHONEOS_DEPLOYMENT_TARGET = 14.0;
				LD_RUNPATH_SEARCH_PATHS = (
					"$(inherited)",
					"@executable_path/Frameworks",
					"@loader_path/Frameworks",
				);
				PRODUCT_BUNDLE_IDENTIFIER = com.github.skyfe79.ReduxAppTests;
				PRODUCT_NAME = "$(TARGET_NAME)";
				SWIFT_VERSION = 5.0;
				TARGETED_DEVICE_FAMILY = "1,2";
				TEST_HOST = "$(BUILT_PRODUCTS_DIR)/ReduxApp.app/ReduxApp";
			};
			name = Release;
		};
		4EF2DA3A25CBF75E000DE861 /* Debug */ = {
			isa = XCBuildConfiguration;
			buildSettings = {
				ALWAYS_EMBED_SWIFT_STANDARD_LIBRARIES = YES;
				CODE_SIGN_STYLE = Automatic;
				DEVELOPMENT_TEAM = F2YX27TG52;
				INFOPLIST_FILE = ReduxAppUITests/Info.plist;
				LD_RUNPATH_SEARCH_PATHS = (
					"$(inherited)",
					"@executable_path/Frameworks",
					"@loader_path/Frameworks",
				);
				PRODUCT_BUNDLE_IDENTIFIER = com.github.skyfe79.ReduxAppUITests;
				PRODUCT_NAME = "$(TARGET_NAME)";
				SWIFT_VERSION = 5.0;
				TARGETED_DEVICE_FAMILY = "1,2";
				TEST_TARGET_NAME = ReduxApp;
			};
			name = Debug;
		};
		4EF2DA3B25CBF75E000DE861 /* Release */ = {
			isa = XCBuildConfiguration;
			buildSettings = {
				ALWAYS_EMBED_SWIFT_STANDARD_LIBRARIES = YES;
				CODE_SIGN_STYLE = Automatic;
				DEVELOPMENT_TEAM = F2YX27TG52;
				INFOPLIST_FILE = ReduxAppUITests/Info.plist;
				LD_RUNPATH_SEARCH_PATHS = (
					"$(inherited)",
					"@executable_path/Frameworks",
					"@loader_path/Frameworks",
				);
				PRODUCT_BUNDLE_IDENTIFIER = com.github.skyfe79.ReduxAppUITests;
				PRODUCT_NAME = "$(TARGET_NAME)";
				SWIFT_VERSION = 5.0;
				TARGETED_DEVICE_FAMILY = "1,2";
				TEST_TARGET_NAME = ReduxApp;
			};
			name = Release;
		};
/* End XCBuildConfiguration section */

/* Begin XCConfigurationList section */
		4EF2DA0925CBF75D000DE861 /* Build configuration list for PBXProject "ReduxApp" */ = {
			isa = XCConfigurationList;
			buildConfigurations = (
				4EF2DA3125CBF75E000DE861 /* Debug */,
				4EF2DA3225CBF75E000DE861 /* Release */,
			);
			defaultConfigurationIsVisible = 0;
			defaultConfigurationName = Release;
		};
		4EF2DA3325CBF75E000DE861 /* Build configuration list for PBXNativeTarget "ReduxApp" */ = {
			isa = XCConfigurationList;
			buildConfigurations = (
				4EF2DA3425CBF75E000DE861 /* Debug */,
				4EF2DA3525CBF75E000DE861 /* Release */,
			);
			defaultConfigurationIsVisible = 0;
			defaultConfigurationName = Release;
		};
		4EF2DA3625CBF75E000DE861 /* Build configuration list for PBXNativeTarget "ReduxAppTests" */ = {
			isa = XCConfigurationList;
			buildConfigurations = (
				4EF2DA3725CBF75E000DE861 /* Debug */,
				4EF2DA3825CBF75E000DE861 /* Release */,
			);
			defaultConfigurationIsVisible = 0;
			defaultConfigurationName = Release;
		};
		4EF2DA3925CBF75E000DE861 /* Build configuration list for PBXNativeTarget "ReduxAppUITests" */ = {
			isa = XCConfigurationList;
			buildConfigurations = (
				4EF2DA3A25CBF75E000DE861 /* Debug */,
				4EF2DA3B25CBF75E000DE861 /* Release */,
			);
			defaultConfigurationIsVisible = 0;
			defaultConfigurationName = Release;
		};
/* End XCConfigurationList section */
	};
	rootObject = 4EF2DA0625CBF75D000DE861 /* Project object */;
}
